
Microsoft Visual Studio Solution File, Format Version 12.00
Project("{2150E333-8FDC-42A3-9474-1A3956D46DE8}") = "src", "src", "{65BEE72C-E6D9-4807-95B8-815F71DF519C}"
EndProject
Project("{FAE04EC0-301F-11D3-BF4B-00C04F79EFBC}") = "Better-Audio-Books.API", "Better-Audio-Books.API\Better-Audio-Books.API.csproj", "{61B890CB-73B7-48AB-A7FF-EC5AF303936A}"
EndProject
Project("{2150E333-8FDC-42A3-9474-1A3956D46DE8}") = "tests", "tests", "{09EF8BBD-F05A-4794-9FE0-EBBD22988600}"
EndProject
Project("{FAE04EC0-301F-11D3-BF4B-00C04F79EFBC}") = "Better-Audio-Books.Services", "Better-Audio-Books.Services\Better-Audio-Books.Services.csproj", "{82CFA1CF-289A-4884-B6EA-5EABDFEEE049}"
EndProject
Project("{FAE04EC0-301F-11D3-BF4B-00C04F79EFBC}") = "Better-Audio-Books.Domain", "Better-Audio-Books.Domain\Better-Audio-Books.Domain.csproj", "{F4ECD202-0F5E-48C2-A89D-F74D2628CA64}"
EndProject
Project("{FAE04EC0-301F-11D3-BF4B-00C04F79EFBC}") = "Better-Audio-Books.Tests", "Better-Audio-Books.Tests\Better-Audio-Books.Tests.csproj", "{F6B06C30-135D-46E2-BFA3-747F1A5E4785}"
EndProject
Global
	GlobalSection(SolutionConfigurationPlatforms) = preSolution
		Debug|Any CPU = Debug|Any CPU
		Release|Any CPU = Release|Any CPU
	EndGlobalSection
	GlobalSection(ProjectConfigurationPlatforms) = postSolution
		{61B890CB-73B7-48AB-A7FF-EC5AF303936A}.Debug|Any CPU.ActiveCfg = Debug|Any CPU
		{61B890CB-73B7-48AB-A7FF-EC5AF303936A}.Debug|Any CPU.Build.0 = Debug|Any CPU
		{61B890CB-73B7-48AB-A7FF-EC5AF303936A}.Release|Any CPU.ActiveCfg = Release|Any CPU
		{61B890CB-73B7-48AB-A7FF-EC5AF303936A}.Release|Any CPU.Build.0 = Release|Any CPU
		{82CFA1CF-289A-4884-B6EA-5EABDFEEE049}.Debug|Any CPU.ActiveCfg = Debug|Any CPU
		{82CFA1CF-289A-4884-B6EA-5EABDFEEE049}.Debug|Any CPU.Build.0 = Debug|Any CPU
		{82CFA1CF-289A-4884-B6EA-5EABDFEEE049}.Release|Any CPU.ActiveCfg = Release|Any CPU
		{82CFA1CF-289A-4884-B6EA-5EABDFEEE049}.Release|Any CPU.Build.0 = Release|Any CPU
		{F4ECD202-0F5E-48C2-A89D-F74D2628CA64}.Debug|Any CPU.ActiveCfg = Debug|Any CPU
		{F4ECD202-0F5E-48C2-A89D-F74D2628CA64}.Debug|Any CPU.Build.0 = Debug|Any CPU
		{F4ECD202-0F5E-48C2-A89D-F74D2628CA64}.Release|Any CPU.ActiveCfg = Release|Any CPU
		{F4ECD202-0F5E-48C2-A89D-F74D2628CA64}.Release|Any CPU.Build.0 = Release|Any CPU
		{F6B06C30-135D-46E2-BFA3-747F1A5E4785}.Debug|Any CPU.ActiveCfg = Debug|Any CPU
		{F6B06C30-135D-46E2-BFA3-747F1A5E4785}.Debug|Any CPU.Build.0 = Debug|Any CPU
		{F6B06C30-135D-46E2-BFA3-747F1A5E4785}.Release|Any CPU.ActiveCfg = Release|Any CPU
		{F6B06C30-135D-46E2-BFA3-747F1A5E4785}.Release|Any CPU.Build.0 = Release|Any CPU
	EndGlobalSection
	GlobalSection(NestedProjects) = preSolution
		{61B890CB-73B7-48AB-A7FF-EC5AF303936A} = {65BEE72C-E6D9-4807-95B8-815F71DF519C}
		{82CFA1CF-289A-4884-B6EA-5EABDFEEE049} = {65BEE72C-E6D9-4807-95B8-815F71DF519C}
		{F4ECD202-0F5E-48C2-A89D-F74D2628CA64} = {65BEE72C-E6D9-4807-95B8-815F71DF519C}
		{F6B06C30-135D-46E2-BFA3-747F1A5E4785} = {09EF8BBD-F05A-4794-9FE0-EBBD22988600}
	EndGlobalSection
EndGlobal
